
Microsoft Visual Studio Solution File, Format Version 12.00
# Visual Studio Version 16
VisualStudioVersion = 16.0.31205.134
MinimumVisualStudioVersion = 10.0.40219.1
Project("{FAE04EC0-301F-11D3-BF4B-00C04F79EFBC}") = "Ejercicio ponencias 1", "Ejercicio ponencias 1.csproj", "{A55DEAB9-964B-4717-B91A-E000938BE4AD}"
EndProject
Global
	GlobalSection(SolutionConfigurationPlatforms) = preSolution
		Debug|Any CPU = Debug|Any CPU
		Release|Any CPU = Release|Any CPU
	EndGlobalSection
	GlobalSection(ProjectConfigurationPlatforms) = postSolution
		{A55DEAB9-964B-4717-B91A-E000938BE4AD}.Debug|Any CPU.ActiveCfg = Debug|Any CPU
		{A55DEAB9-964B-4717-B91A-E000938BE4AD}.Debug|Any CPU.Build.0 = Debug|Any CPU
		{A55DEAB9-964B-4717-B91A-E000938BE4AD}.Release|Any CPU.ActiveCfg = Release|Any CPU
		{A55DEAB9-964B-4717-B91A-E000938BE4AD}.Release|Any CPU.Build.0 = Release|Any CPU
	EndGlobalSection
	GlobalSection(SolutionProperties) = preSolution
		HideSolutionNode = FALSE
	EndGlobalSection
	GlobalSection(ExtensibilityGlobals) = postSolution
		SolutionGuid = {63BAC480-9257-41E9-A6D6-DC932C74F98B}
	EndGlobalSection
EndGlobal
